
Microsoft Visual Studio Solution File, Format Version 12.00
# Visual Studio Version 17
VisualStudioVersion = 17.1.32319.34
MinimumVisualStudioVersion = 10.0.40219.1
Project("{FAE04EC0-301F-11D3-BF4B-00C04F79EFBC}") = "Task", "Task\Task.csproj", "{2084C6D8-F805-4D1F-AC3C-1DC5E0D4BDAE}"
EndProject
Project("{FAE04EC0-301F-11D3-BF4B-00C04F79EFBC}") = "Test_Project", "Test_Project\Test_Project.csproj", "{C00B1EE2-BB0E-4B16-A6AC-01EC84B06351}"
EndProject
Global
	GlobalSection(SolutionConfigurationPlatforms) = preSolution
		Debug|Any CPU = Debug|Any CPU
		Release|Any CPU = Release|Any CPU
	EndGlobalSection
	GlobalSection(ProjectConfigurationPlatforms) = postSolution
		{2084C6D8-F805-4D1F-AC3C-1DC5E0D4BDAE}.Debug|Any CPU.ActiveCfg = Debug|Any CPU
		{2084C6D8-F805-4D1F-AC3C-1DC5E0D4BDAE}.Debug|Any CPU.Build.0 = Debug|Any CPU
		{2084C6D8-F805-4D1F-AC3C-1DC5E0D4BDAE}.Release|Any CPU.ActiveCfg = Release|Any CPU
		{2084C6D8-F805-4D1F-AC3C-1DC5E0D4BDAE}.Release|Any CPU.Build.0 = Release|Any CPU
		{C00B1EE2-BB0E-4B16-A6AC-01EC84B06351}.Debug|Any CPU.ActiveCfg = Debug|Any CPU
		{C00B1EE2-BB0E-4B16-A6AC-01EC84B06351}.Debug|Any CPU.Build.0 = Debug|Any CPU
		{C00B1EE2-BB0E-4B16-A6AC-01EC84B06351}.Release|Any CPU.ActiveCfg = Release|Any CPU
		{C00B1EE2-BB0E-4B16-A6AC-01EC84B06351}.Release|Any CPU.Build.0 = Release|Any CPU
	EndGlobalSection
	GlobalSection(SolutionProperties) = preSolution
		HideSolutionNode = FALSE
	EndGlobalSection
	GlobalSection(ExtensibilityGlobals) = postSolution
		SolutionGuid = {744A810E-C9E3-4338-9C92-451F8D885787}
	EndGlobalSection
EndGlobal
